
Microsoft Visual Studio Solution File, Format Version 12.00
# Visual Studio 14
VisualStudioVersion = 14.0.25123.0
MinimumVisualStudioVersion = 10.0.40219.1
Project("{FAE04EC0-301F-11D3-BF4B-00C04F79EFBC}") = "WebAPI", "WebAPI\WebAPI.csproj", "{7A5D1578-1B3C-4E1D-9FCF-39D5BC918566}"
EndProject
Project("{FAE04EC0-301F-11D3-BF4B-00C04F79EFBC}") = "WebAPI.Tests", "WebAPI.Tests\WebAPI.Tests.csproj", "{2F9B93C8-0EF3-4D99-834D-C935F6477040}"
EndProject
Global
	GlobalSection(SolutionConfigurationPlatforms) = preSolution
		Debug|Any CPU = Debug|Any CPU
		Release|Any CPU = Release|Any CPU
	EndGlobalSection
	GlobalSection(ProjectConfigurationPlatforms) = postSolution
		{7A5D1578-1B3C-4E1D-9FCF-39D5BC918566}.Debug|Any CPU.ActiveCfg = Debug|Any CPU
		{7A5D1578-1B3C-4E1D-9FCF-39D5BC918566}.Debug|Any CPU.Build.0 = Debug|Any CPU
		{7A5D1578-1B3C-4E1D-9FCF-39D5BC918566}.Release|Any CPU.ActiveCfg = Release|Any CPU
		{7A5D1578-1B3C-4E1D-9FCF-39D5BC918566}.Release|Any CPU.Build.0 = Release|Any CPU
		{2F9B93C8-0EF3-4D99-834D-C935F6477040}.Debug|Any CPU.ActiveCfg = Debug|Any CPU
		{2F9B93C8-0EF3-4D99-834D-C935F6477040}.Debug|Any CPU.Build.0 = Debug|Any CPU
		{2F9B93C8-0EF3-4D99-834D-C935F6477040}.Release|Any CPU.ActiveCfg = Release|Any CPU
		{2F9B93C8-0EF3-4D99-834D-C935F6477040}.Release|Any CPU.Build.0 = Release|Any CPU
	EndGlobalSection
	GlobalSection(SolutionProperties) = preSolution
		HideSolutionNode = FALSE
	EndGlobalSection
EndGlobal
